
Microsoft Visual Studio Solution File, Format Version 12.00
Project("{FAE04EC0-301F-11D3-BF4B-00C04F79EFBC}") = "gatherly.server", "gatherly.server.csproj", "{86F6F4C2-7C4C-4D38-8DD0-8294120BD30E}"
EndProject
Global
	GlobalSection(SolutionConfigurationPlatforms) = preSolution
		Debug|Any CPU = Debug|Any CPU
		Release|Any CPU = Release|Any CPU
	EndGlobalSection
	GlobalSection(ProjectConfigurationPlatforms) = postSolution
		{86F6F4C2-7C4C-4D38-8DD0-8294120BD30E}.Debug|Any CPU.ActiveCfg = Debug|Any CPU
		{86F6F4C2-7C4C-4D38-8DD0-8294120BD30E}.Debug|Any CPU.Build.0 = Debug|Any CPU
		{86F6F4C2-7C4C-4D38-8DD0-8294120BD30E}.Release|Any CPU.ActiveCfg = Release|Any CPU
		{86F6F4C2-7C4C-4D38-8DD0-8294120BD30E}.Release|Any CPU.Build.0 = Release|Any CPU
	EndGlobalSection
EndGlobal
